// !$*UTF8*$!
{
	archiveVersion = 1;
	classes = {
	};
	objectVersion = 46;
	objects = {

/* Begin PBXAggregateTarget section */
		492C724E4550426CA4B9CA0F /* ALL_BUILD */ = {
			isa = PBXAggregateTarget;
			buildConfigurationList = 8813209D77784CB396FA98EF /* Build configuration list for PBXAggregateTarget "ALL_BUILD" */;
			buildPhases = (
				A4452DF79EFD0144C70D71AA /* Generate CMakeFiles/ALL_BUILD */,
			);
			dependencies = (
				6EC45F135D02477794533FEF /* PBXTargetDependency */,
				314FDFEB3BC542D38C0C6A37 /* PBXTargetDependency */,
			);
			name = ALL_BUILD;
			productName = ALL_BUILD;
		};
		F2ACCA6768D241CC8CB11854 /* ZERO_CHECK */ = {
			isa = PBXAggregateTarget;
			buildConfigurationList = 5669174DA3224E1390C8340A /* Build configuration list for PBXAggregateTarget "ZERO_CHECK" */;
			buildPhases = (
				06361E00AF4B0B732E0CF409 /* Generate CMakeFiles/ZERO_CHECK */,
			);
			dependencies = (
			);
			name = ZERO_CHECK;
			productName = ZERO_CHECK;
		};
/* End PBXAggregateTarget section */

/* Begin PBXBuildFile section */
		9E0A5A27D390402FAA7F8CC6 /* /Users/davidbarbera/Repositories/self_contained_c_xyz/flutter_plugin2/libs/api.cpp */ = {isa = PBXBuildFile; fileRef = 1C4BDD253BB241BE86FFE0C5 /* /Users/davidbarbera/Repositories/self_contained_c_xyz/flutter_plugin2/libs/api.cpp */; };
		CD4D244EACDF447895914F37 /* /Users/davidbarbera/Repositories/self_contained_c_xyz/flutter_plugin2/libs/CMakeLists.txt */ = {isa = PBXBuildFile; fileRef = 84AD1BF5FC624538845D5AC1 /* /Users/davidbarbera/Repositories/self_contained_c_xyz/flutter_plugin2/libs/CMakeLists.txt */; };
/* End PBXBuildFile section */

/* Begin PBXBuildStyle section */
		1EC9B2B9960A432BAA0FF6C2 /* RelWithDebInfo */ = {
			isa = PBXBuildStyle;
			buildSettings = {
				COPY_PHASE_STRIP = NO;
			};
			name = RelWithDebInfo;
		};
		2CB26C4AA3DC4F2C8639AAF7 /* MinSizeRel */ = {
			isa = PBXBuildStyle;
			buildSettings = {
				COPY_PHASE_STRIP = NO;
			};
			name = MinSizeRel;
		};
		7C8B28CB72834479B3FA0D4A /* Debug */ = {
			isa = PBXBuildStyle;
			buildSettings = {
				COPY_PHASE_STRIP = NO;
			};
			name = Debug;
		};
		A623305F595E4F7585A8DDF8 /* Release */ = {
			isa = PBXBuildStyle;
			buildSettings = {
				COPY_PHASE_STRIP = NO;
			};
			name = Release;
		};
/* End PBXBuildStyle section */

/* Begin PBXContainerItemProxy section */
		B09B4D6126024926A94D86CC /* PBXContainerItemProxy */ = {
			isa = PBXContainerItemProxy;
			containerPortal = D8C47FD37D6948F09662CC0D /* Project object */;
			proxyType = 1;
			remoteGlobalIDString = F2ACCA6768D241CC8CB11854;
			remoteInfo = ZERO_CHECK;
		};
		D1AAEC9A6DB44E2392FDF8B7 /* PBXContainerItemProxy */ = {
			isa = PBXContainerItemProxy;
			containerPortal = D8C47FD37D6948F09662CC0D /* Project object */;
			proxyType = 1;
			remoteGlobalIDString = DDD96F24EE204A4096A53548;
			remoteInfo = api;
		};
		E0320690E66D4DB9B759C482 /* PBXContainerItemProxy */ = {
			isa = PBXContainerItemProxy;
			containerPortal = D8C47FD37D6948F09662CC0D /* Project object */;
			proxyType = 1;
			remoteGlobalIDString = F2ACCA6768D241CC8CB11854;
			remoteInfo = ZERO_CHECK;
		};
/* End PBXContainerItemProxy section */

/* Begin PBXFileReference section */
		112830A643004286905A8C8C /* /Users/davidbarbera/Repositories/self_contained_c_xyz/flutter_plugin2/libs/CMakeLists.txt */ = {isa = PBXFileReference; explicitFileType = sourcecode.text; fileEncoding = 4; name = CMakeLists.txt; path = CMakeLists.txt; sourceTree = SOURCE_ROOT; };
		123607C867DD4CFE89A5F2F1 /* api */ = {isa = PBXFileReference; explicitFileType = "compiled.mach-o.dylib"; path = libapi.dylib; sourceTree = BUILT_PRODUCTS_DIR; };
		1C4BDD253BB241BE86FFE0C5 /* /Users/davidbarbera/Repositories/self_contained_c_xyz/flutter_plugin2/libs/api.cpp */ = {isa = PBXFileReference; explicitFileType = sourcecode.cpp.cpp; fileEncoding = 4; name = api.cpp; path = api.cpp; sourceTree = SOURCE_ROOT; };
		84AD1BF5FC624538845D5AC1 /* /Users/davidbarbera/Repositories/self_contained_c_xyz/flutter_plugin2/libs/CMakeLists.txt */ = {isa = PBXFileReference; explicitFileType = sourcecode.text; fileEncoding = 4; name = CMakeLists.txt; path = CMakeLists.txt; sourceTree = SOURCE_ROOT; };
/* End PBXFileReference section */

/* Begin PBXFrameworksBuildPhase section */
		5519312629AE40F281DC605A /* Frameworks */ = {
			isa = PBXFrameworksBuildPhase;
			buildActionMask = 2147483647;
			files = (
			);
			runOnlyForDeploymentPostprocessing = 0;
		};
/* End PBXFrameworksBuildPhase section */

/* Begin PBXGroup section */
		1F86ED03E6D348289CC71681 /* Frameworks */ = {
			isa = PBXGroup;
			children = (
			);
			name = Frameworks;
			sourceTree = "<group>";
		};
		80C385B125FA4C1899524A0F /* CMake Rules */ = {
			isa = PBXGroup;
			children = (
			);
			name = "CMake Rules";
			sourceTree = "<group>";
		};
		9A10C88128DA4462AE049A34 /* ALL_BUILD */ = {
			isa = PBXGroup;
			children = (
				80C385B125FA4C1899524A0F /* CMake Rules */,
				112830A643004286905A8C8C /* /Users/davidbarbera/Repositories/self_contained_c_xyz/flutter_plugin2/libs/CMakeLists.txt */,
			);
			name = ALL_BUILD;
			sourceTree = "<group>";
		};
		AF82E9A48B5E47B383328502 /* api */ = {
			isa = PBXGroup;
			children = (
				F74D5C61FA2E481593D81962 /* Source Files */,
				84AD1BF5FC624538845D5AC1 /* /Users/davidbarbera/Repositories/self_contained_c_xyz/flutter_plugin2/libs/CMakeLists.txt */,
			);
			name = api;
			sourceTree = "<group>";
		};
		E6AFED1CAC714338A4E6131F /* Products */ = {
			isa = PBXGroup;
			children = (
				123607C867DD4CFE89A5F2F1 /* api */,
			);
			name = Products;
			sourceTree = "<group>";
		};
		F1FDF92BDEAE4ACC9EC9FC29 = {
			isa = PBXGroup;
			children = (
				AF82E9A48B5E47B383328502 /* api */,
				9A10C88128DA4462AE049A34 /* ALL_BUILD */,
				E6AFED1CAC714338A4E6131F /* Products */,
				1F86ED03E6D348289CC71681 /* Frameworks */,
			);
			sourceTree = "<group>";
		};
		F74D5C61FA2E481593D81962 /* Source Files */ = {
			isa = PBXGroup;
			children = (
				1C4BDD253BB241BE86FFE0C5 /* /Users/davidbarbera/Repositories/self_contained_c_xyz/flutter_plugin2/libs/api.cpp */,
			);
			name = "Source Files";
			sourceTree = "<group>";
		};
/* End PBXGroup section */

/* Begin PBXNativeTarget section */
		DDD96F24EE204A4096A53548 /* api */ = {
			isa = PBXNativeTarget;
			buildConfigurationList = 08FAE269435C43E7A2CE4214 /* Build configuration list for PBXNativeTarget "api" */;
			buildPhases = (
				EBDA4A5E411542928909951E /* Sources */,
				5519312629AE40F281DC605A /* Frameworks */,
				41ECDE3850E0CAF73982B04B /* CMake PostBuild Rules */,
			);
			buildRules = (
			);
			dependencies = (
				65F57AC1F6054882A2870C19 /* PBXTargetDependency */,
			);
			name = api;
			productName = api;
			productReference = 123607C867DD4CFE89A5F2F1 /* api */;
			productType = "com.apple.product-type.library.dynamic";
		};
/* End PBXNativeTarget section */

/* Begin PBXProject section */
		D8C47FD37D6948F09662CC0D /* Project object */ = {
			isa = PBXProject;
			attributes = {
				BuildIndependentTargetsInParallel = YES;
				LastUpgradeCheck = 1330;
			};
			buildConfigurationList = 10CE1D6262DF42A580468453 /* Build configuration list for PBXProject "api" */;
			buildSettings = {
			};
			buildStyles = (
				7C8B28CB72834479B3FA0D4A /* Debug */,
				A623305F595E4F7585A8DDF8 /* Release */,
				2CB26C4AA3DC4F2C8639AAF7 /* MinSizeRel */,
				1EC9B2B9960A432BAA0FF6C2 /* RelWithDebInfo */,
			);
			compatibilityVersion = "Xcode 3.2";
			hasScannedForEncodings = 0;
			mainGroup = F1FDF92BDEAE4ACC9EC9FC29;
			projectDirPath = .;
			projectRoot = "";
			targets = (
				492C724E4550426CA4B9CA0F /* ALL_BUILD */,
				F2ACCA6768D241CC8CB11854 /* ZERO_CHECK */,
				DDD96F24EE204A4096A53548 /* api */,
			);
		};
/* End PBXProject section */

/* Begin PBXShellScriptBuildPhase section */
		06361E00AF4B0B732E0CF409 /* Generate CMakeFiles/ZERO_CHECK */ = {
			isa = PBXShellScriptBuildPhase;
			alwaysOutOfDate = 1;
			buildActionMask = 2147483647;
			files = (
			);
			inputPaths = (
			);
			name = "Generate CMakeFiles/ZERO_CHECK";
			outputPaths = (
/Users/davidbarbera/Repositories/self_contained_c_xyz/flutter_plugin2/libs/CMakeFiles/ZERO_CHECK			);
			runOnlyForDeploymentPostprocessing = 0;
			shellPath = /bin/sh;
			shellScript = "set -e
if test \"$CONFIGURATION\" = \"Debug\"; then :
  cd /Users/davidbarbera/Repositories/self_contained_c_xyz/flutter_plugin2/libs
  make -f /Users/davidbarbera/Repositories/self_contained_c_xyz/flutter_plugin2/libs/CMakeScripts/ReRunCMake.make
fi
if test \"$CONFIGURATION\" = \"Release\"; then :
  cd /Users/davidbarbera/Repositories/self_contained_c_xyz/flutter_plugin2/libs
  make -f /Users/davidbarbera/Repositories/self_contained_c_xyz/flutter_plugin2/libs/CMakeScripts/ReRunCMake.make
fi
if test \"$CONFIGURATION\" = \"MinSizeRel\"; then :
  cd /Users/davidbarbera/Repositories/self_contained_c_xyz/flutter_plugin2/libs
  make -f /Users/davidbarbera/Repositories/self_contained_c_xyz/flutter_plugin2/libs/CMakeScripts/ReRunCMake.make
fi
if test \"$CONFIGURATION\" = \"RelWithDebInfo\"; then :
  cd /Users/davidbarbera/Repositories/self_contained_c_xyz/flutter_plugin2/libs
  make -f /Users/davidbarbera/Repositories/self_contained_c_xyz/flutter_plugin2/libs/CMakeScripts/ReRunCMake.make
fi
";
			showEnvVarsInLog = 0;
		};
		3C0110FC8322DE7E50886E21 = {
			isa = PBXShellScriptBuildPhase;
			buildActionMask = 2147483647;
			files = (
			);
			inputPaths = (
			);
			outputPaths = (
			);
			runOnlyForDeploymentPostprocessing = 0;
			shellPath = /bin/sh;
			shellScript = "# shell script goes here
exit 0";
			showEnvVarsInLog = 0;
		};
		41ECDE3850E0CAF73982B04B /* CMake PostBuild Rules */ = {
			isa = PBXShellScriptBuildPhase;
			alwaysOutOfDate = 1;
			buildActionMask = 2147483647;
			files = (
			);
			name = "CMake PostBuild Rules";
			outputPaths = (
			);
			runOnlyForDeploymentPostprocessing = 0;
			shellPath = /bin/sh;
			shellScript = "set -e
if test \"$CONFIGURATION\" = \"Debug\"; then :
  cd /Users/davidbarbera/Repositories/self_contained_c_xyz/flutter_plugin2/libs
  /Applications/CMake.app/Contents/bin/cmake -E cmake_symlink_library /Users/davidbarbera/Repositories/self_contained_c_xyz/flutter_plugin2/libs/Debug/libapi.dylib /Users/davidbarbera/Repositories/self_contained_c_xyz/flutter_plugin2/libs/Debug/libapi.dylib /Users/davidbarbera/Repositories/self_contained_c_xyz/flutter_plugin2/libs/Debug/libapi.dylib
fi
if test \"$CONFIGURATION\" = \"Release\"; then :
  cd /Users/davidbarbera/Repositories/self_contained_c_xyz/flutter_plugin2/libs
  /Applications/CMake.app/Contents/bin/cmake -E cmake_symlink_library /Users/davidbarbera/Repositories/self_contained_c_xyz/flutter_plugin2/libs/Release/libapi.dylib /Users/davidbarbera/Repositories/self_contained_c_xyz/flutter_plugin2/libs/Release/libapi.dylib /Users/davidbarbera/Repositories/self_contained_c_xyz/flutter_plugin2/libs/Release/libapi.dylib
fi
if test \"$CONFIGURATION\" = \"MinSizeRel\"; then :
  cd /Users/davidbarbera/Repositories/self_contained_c_xyz/flutter_plugin2/libs
  /Applications/CMake.app/Contents/bin/cmake -E cmake_symlink_library /Users/davidbarbera/Repositories/self_contained_c_xyz/flutter_plugin2/libs/MinSizeRel/libapi.dylib /Users/davidbarbera/Repositories/self_contained_c_xyz/flutter_plugin2/libs/MinSizeRel/libapi.dylib /Users/davidbarbera/Repositories/self_contained_c_xyz/flutter_plugin2/libs/MinSizeRel/libapi.dylib
fi
if test \"$CONFIGURATION\" = \"RelWithDebInfo\"; then :
  cd /Users/davidbarbera/Repositories/self_contained_c_xyz/flutter_plugin2/libs
  /Applications/CMake.app/Contents/bin/cmake -E cmake_symlink_library /Users/davidbarbera/Repositories/self_contained_c_xyz/flutter_plugin2/libs/RelWithDebInfo/libapi.dylib /Users/davidbarbera/Repositories/self_contained_c_xyz/flutter_plugin2/libs/RelWithDebInfo/libapi.dylib /Users/davidbarbera/Repositories/self_contained_c_xyz/flutter_plugin2/libs/RelWithDebInfo/libapi.dylib
fi
";
			showEnvVarsInLog = 0;
		};
		9B50530E35CC49C82C2FACCF = {
			isa = PBXShellScriptBuildPhase;
			buildActionMask = 2147483647;
			files = (
			);
			inputPaths = (
			);
			outputPaths = (
			);
			runOnlyForDeploymentPostprocessing = 0;
			shellPath = /bin/sh;
			shellScript = "# shell script goes here
exit 0";
			showEnvVarsInLog = 0;
		};
		A4452DF79EFD0144C70D71AA /* Generate CMakeFiles/ALL_BUILD */ = {
			isa = PBXShellScriptBuildPhase;
			alwaysOutOfDate = 1;
			buildActionMask = 2147483647;
			files = (
			);
			inputPaths = (
			);
			name = "Generate CMakeFiles/ALL_BUILD";
			outputPaths = (
/Users/davidbarbera/Repositories/self_contained_c_xyz/flutter_plugin2/libs/CMakeFiles/ALL_BUILD			);
			runOnlyForDeploymentPostprocessing = 0;
			shellPath = /bin/sh;
			shellScript = "set -e
if test \"$CONFIGURATION\" = \"Debug\"; then :
  cd /Users/davidbarbera/Repositories/self_contained_c_xyz/flutter_plugin2/libs
  echo Build\\ all\\ projects
fi
if test \"$CONFIGURATION\" = \"Release\"; then :
  cd /Users/davidbarbera/Repositories/self_contained_c_xyz/flutter_plugin2/libs
  echo Build\\ all\\ projects
fi
if test \"$CONFIGURATION\" = \"MinSizeRel\"; then :
  cd /Users/davidbarbera/Repositories/self_contained_c_xyz/flutter_plugin2/libs
  echo Build\\ all\\ projects
fi
if test \"$CONFIGURATION\" = \"RelWithDebInfo\"; then :
  cd /Users/davidbarbera/Repositories/self_contained_c_xyz/flutter_plugin2/libs
  echo Build\\ all\\ projects
fi
";
			showEnvVarsInLog = 0;
		};
/* End PBXShellScriptBuildPhase section */

/* Begin PBXSourcesBuildPhase section */
		EBDA4A5E411542928909951E /* Sources */ = {
			isa = PBXSourcesBuildPhase;
			buildActionMask = 2147483647;
			files = (
				9E0A5A27D390402FAA7F8CC6 /* /Users/davidbarbera/Repositories/self_contained_c_xyz/flutter_plugin2/libs/api.cpp */,
			);
			runOnlyForDeploymentPostprocessing = 0;
		};
/* End PBXSourcesBuildPhase section */

/* Begin PBXTargetDependency section */
		314FDFEB3BC542D38C0C6A37 /* PBXTargetDependency */ = {
			isa = PBXTargetDependency;
			target = F2ACCA6768D241CC8CB11854 /* ZERO_CHECK */;
			targetProxy = B09B4D6126024926A94D86CC /* PBXContainerItemProxy */;
		};
		65F57AC1F6054882A2870C19 /* PBXTargetDependency */ = {
			isa = PBXTargetDependency;
			target = F2ACCA6768D241CC8CB11854 /* ZERO_CHECK */;
			targetProxy = E0320690E66D4DB9B759C482 /* PBXContainerItemProxy */;
		};
		6EC45F135D02477794533FEF /* PBXTargetDependency */ = {
			isa = PBXTargetDependency;
			target = DDD96F24EE204A4096A53548 /* api */;
			targetProxy = D1AAEC9A6DB44E2392FDF8B7 /* PBXContainerItemProxy */;
		};
/* End PBXTargetDependency section */

/* Begin XCBuildConfiguration section */
		2156AABF90A4499C90F11B16 /* MinSizeRel */ = {
			isa = XCBuildConfiguration;
			buildSettings = {
				ALWAYS_SEARCH_USER_PATHS = NO;
				ARCHS = arm64;
				COMBINE_HIDPI_IMAGES = YES;
				GCC_GENERATE_DEBUGGING_SYMBOLS = YES;
				GCC_INLINES_ARE_PRIVATE_EXTERN = NO;
				GCC_OPTIMIZATION_LEVEL = 0;
				GCC_PREPROCESSOR_DEFINITIONS = ("'CMAKE_INTDIR=\"$(CONFIGURATION)$(EFFECTIVE_PLATFORM_NAME)\"'","$(inherited)");
				GCC_SYMBOLS_PRIVATE_EXTERN = NO;
				INSTALL_PATH = "";
				ONLY_ACTIVE_ARCH = NO;
				OTHER_LDFLAGS = ("","$(inherited)");
				OTHER_REZFLAGS = "";
				PRODUCT_NAME = ALL_BUILD;
				SECTORDER_FLAGS = "";
				USE_HEADERMAP = NO;
				WARNING_CFLAGS = ("$(inherited)");
			};
			name = MinSizeRel;
		};
		25B40CF12155433E9E22C5EE /* RelWithDebInfo */ = {
			isa = XCBuildConfiguration;
			buildSettings = {
				ARCHS = arm64;
				SDKROOT = /Applications/Xcode.app/Contents/Developer/Platforms/MacOSX.platform/Developer/SDKs/MacOSX12.3.sdk;
				SWIFT_COMPILATION_MODE = wholemodule;
				SYMROOT = /Users/davidbarbera/Repositories/self_contained_c_xyz/flutter_plugin2/libs/build;
			};
			name = RelWithDebInfo;
		};
		432D040C4CC74624BBFCB418 /* Debug */ = {
			isa = XCBuildConfiguration;
			buildSettings = {
				ALWAYS_SEARCH_USER_PATHS = NO;
				ARCHS = arm64;
				COMBINE_HIDPI_IMAGES = YES;
				CONFIGURATION_BUILD_DIR = /Users/davidbarbera/Repositories/self_contained_c_xyz/flutter_plugin2/libs/Debug;
				DYLIB_COMPATIBILITY_VERSION = "";
				DYLIB_CURRENT_VERSION = "";
				EXECUTABLE_PREFIX = lib;
				EXECUTABLE_SUFFIX = .dylib;
				GCC_GENERATE_DEBUGGING_SYMBOLS = YES;
				GCC_INLINES_ARE_PRIVATE_EXTERN = NO;
				GCC_OPTIMIZATION_LEVEL = 0;
				GCC_PREPROCESSOR_DEFINITIONS = ("'CMAKE_INTDIR=\"$(CONFIGURATION)$(EFFECTIVE_PLATFORM_NAME)\"'",api_EXPORTS,"$(inherited)");
				GCC_SYMBOLS_PRIVATE_EXTERN = NO;
				INSTALL_PATH = "@rpath";
				LIBRARY_STYLE = DYNAMIC;
				ONLY_ACTIVE_ARCH = NO;
				OTHER_CPLUSPLUSFLAGS = "   -fPIC ";
				OTHER_LDFLAGS = (" -dynamiclib -Wl,-headerpad_max_install_names","$(inherited)");
				OTHER_REZFLAGS = "";
				PRODUCT_NAME = api;
				SECTORDER_FLAGS = "";
				TARGET_TEMP_DIR = "/Users/davidbarbera/Repositories/self_contained_c_xyz/flutter_plugin2/libs/build/api.build/$(CONFIGURATION)$(EFFECTIVE_PLATFORM_NAME)";
				USE_HEADERMAP = NO;
				WARNING_CFLAGS = ("$(inherited)");
			};
			name = Debug;
		};
		44B39EE98D414CA18F33C270 /* RelWithDebInfo */ = {
			isa = XCBuildConfiguration;
			buildSettings = {
				ALWAYS_SEARCH_USER_PATHS = NO;
				ARCHS = arm64;
				COMBINE_HIDPI_IMAGES = YES;
				GCC_GENERATE_DEBUGGING_SYMBOLS = YES;
				GCC_INLINES_ARE_PRIVATE_EXTERN = NO;
				GCC_OPTIMIZATION_LEVEL = 0;
				GCC_PREPROCESSOR_DEFINITIONS = ("'CMAKE_INTDIR=\"$(CONFIGURATION)$(EFFECTIVE_PLATFORM_NAME)\"'","$(inherited)");
				GCC_SYMBOLS_PRIVATE_EXTERN = NO;
				INSTALL_PATH = "";
				ONLY_ACTIVE_ARCH = NO;
				OTHER_LDFLAGS = ("","$(inherited)");
				OTHER_REZFLAGS = "";
				PRODUCT_NAME = ZERO_CHECK;
				SECTORDER_FLAGS = "";
				USE_HEADERMAP = NO;
				WARNING_CFLAGS = ("$(inherited)");
			};
			name = RelWithDebInfo;
		};
		6229998133B34F64BD462D9C /* RelWithDebInfo */ = {
			isa = XCBuildConfiguration;
			buildSettings = {
				ALWAYS_SEARCH_USER_PATHS = NO;
				ARCHS = arm64;
				COMBINE_HIDPI_IMAGES = YES;
				CONFIGURATION_BUILD_DIR = /Users/davidbarbera/Repositories/self_contained_c_xyz/flutter_plugin2/libs/RelWithDebInfo;
				DYLIB_COMPATIBILITY_VERSION = "";
				DYLIB_CURRENT_VERSION = "";
				EXECUTABLE_PREFIX = lib;
				EXECUTABLE_SUFFIX = .dylib;
				GCC_GENERATE_DEBUGGING_SYMBOLS = YES;
				GCC_INLINES_ARE_PRIVATE_EXTERN = NO;
				GCC_OPTIMIZATION_LEVEL = 2;
				GCC_PREPROCESSOR_DEFINITIONS = ("'CMAKE_INTDIR=\"$(CONFIGURATION)$(EFFECTIVE_PLATFORM_NAME)\"'",api_EXPORTS,"$(inherited)");
				GCC_SYMBOLS_PRIVATE_EXTERN = NO;
				INSTALL_PATH = "@rpath";
				LIBRARY_STYLE = DYNAMIC;
				ONLY_ACTIVE_ARCH = NO;
				OTHER_CPLUSPLUSFLAGS = "       -DNDEBUG -fPIC ";
				OTHER_LDFLAGS = (" -dynamiclib -Wl,-headerpad_max_install_names","$(inherited)");
				OTHER_REZFLAGS = "";
				PRODUCT_NAME = api;
				SECTORDER_FLAGS = "";
				TARGET_TEMP_DIR = "/Users/davidbarbera/Repositories/self_contained_c_xyz/flutter_plugin2/libs/build/api.build/$(CONFIGURATION)$(EFFECTIVE_PLATFORM_NAME)";
				USE_HEADERMAP = NO;
				WARNING_CFLAGS = ("$(inherited)");
			};
			name = RelWithDebInfo;
		};
		6CADE35863DE4DE4A877902C /* Debug */ = {
			isa = XCBuildConfiguration;
			buildSettings = {
				ALWAYS_SEARCH_USER_PATHS = NO;
				ARCHS = arm64;
				COMBINE_HIDPI_IMAGES = YES;
				GCC_GENERATE_DEBUGGING_SYMBOLS = YES;
				GCC_INLINES_ARE_PRIVATE_EXTERN = NO;
				GCC_OPTIMIZATION_LEVEL = 0;
				GCC_PREPROCESSOR_DEFINITIONS = ("'CMAKE_INTDIR=\"$(CONFIGURATION)$(EFFECTIVE_PLATFORM_NAME)\"'","$(inherited)");
				GCC_SYMBOLS_PRIVATE_EXTERN = NO;
				INSTALL_PATH = "";
				ONLY_ACTIVE_ARCH = NO;
				OTHER_LDFLAGS = ("","$(inherited)");
				OTHER_REZFLAGS = "";
				PRODUCT_NAME = ZERO_CHECK;
				SECTORDER_FLAGS = "";
				USE_HEADERMAP = NO;
				WARNING_CFLAGS = ("$(inherited)");
			};
			name = Debug;
		};
		801C617FA7D34CF4B6982906 /* MinSizeRel */ = {
			isa = XCBuildConfiguration;
			buildSettings = {
				ALWAYS_SEARCH_USER_PATHS = NO;
				ARCHS = arm64;
				COMBINE_HIDPI_IMAGES = YES;
				CONFIGURATION_BUILD_DIR = /Users/davidbarbera/Repositories/self_contained_c_xyz/flutter_plugin2/libs/MinSizeRel;
				DYLIB_COMPATIBILITY_VERSION = "";
				DYLIB_CURRENT_VERSION = "";
				EXECUTABLE_PREFIX = lib;
				EXECUTABLE_SUFFIX = .dylib;
				GCC_GENERATE_DEBUGGING_SYMBOLS = NO;
				GCC_INLINES_ARE_PRIVATE_EXTERN = NO;
				GCC_OPTIMIZATION_LEVEL = s;
				GCC_PREPROCESSOR_DEFINITIONS = ("'CMAKE_INTDIR=\"$(CONFIGURATION)$(EFFECTIVE_PLATFORM_NAME)\"'",api_EXPORTS,"$(inherited)");
				GCC_SYMBOLS_PRIVATE_EXTERN = NO;
				INSTALL_PATH = "@rpath";
				LIBRARY_STYLE = DYNAMIC;
				ONLY_ACTIVE_ARCH = NO;
				OTHER_CPLUSPLUSFLAGS = "    -DNDEBUG -fPIC ";
				OTHER_LDFLAGS = (" -dynamiclib -Wl,-headerpad_max_install_names","$(inherited)");
				OTHER_REZFLAGS = "";
				PRODUCT_NAME = api;
				SECTORDER_FLAGS = "";
				TARGET_TEMP_DIR = "/Users/davidbarbera/Repositories/self_contained_c_xyz/flutter_plugin2/libs/build/api.build/$(CONFIGURATION)$(EFFECTIVE_PLATFORM_NAME)";
				USE_HEADERMAP = NO;
				WARNING_CFLAGS = ("$(inherited)");
			};
			name = MinSizeRel;
		};
		85534EF156594E8DBD1C92AA /* RelWithDebInfo */ = {
			isa = XCBuildConfiguration;
			buildSettings = {
				ALWAYS_SEARCH_USER_PATHS = NO;
				ARCHS = arm64;
				COMBINE_HIDPI_IMAGES = YES;
				GCC_GENERATE_DEBUGGING_SYMBOLS = YES;
				GCC_INLINES_ARE_PRIVATE_EXTERN = NO;
				GCC_OPTIMIZATION_LEVEL = 0;
				GCC_PREPROCESSOR_DEFINITIONS = ("'CMAKE_INTDIR=\"$(CONFIGURATION)$(EFFECTIVE_PLATFORM_NAME)\"'","$(inherited)");
				GCC_SYMBOLS_PRIVATE_EXTERN = NO;
				INSTALL_PATH = "";
				ONLY_ACTIVE_ARCH = NO;
				OTHER_LDFLAGS = ("","$(inherited)");
				OTHER_REZFLAGS = "";
				PRODUCT_NAME = ALL_BUILD;
				SECTORDER_FLAGS = "";
				USE_HEADERMAP = NO;
				WARNING_CFLAGS = ("$(inherited)");
			};
			name = RelWithDebInfo;
		};
		8727CD307A9740A8BEF8962D /* Debug */ = {
			isa = XCBuildConfiguration;
			buildSettings = {
				ARCHS = arm64;
				SDKROOT = /Applications/Xcode.app/Contents/Developer/Platforms/MacOSX.platform/Developer/SDKs/MacOSX12.3.sdk;
				SYMROOT = /Users/davidbarbera/Repositories/self_contained_c_xyz/flutter_plugin2/libs/build;
			};
			name = Debug;
		};
		AEE127B9FF0B4B13818D5374 /* Release */ = {
			isa = XCBuildConfiguration;
			buildSettings = {
				ARCHS = arm64;
				SDKROOT = /Applications/Xcode.app/Contents/Developer/Platforms/MacOSX.platform/Developer/SDKs/MacOSX12.3.sdk;
				SWIFT_COMPILATION_MODE = wholemodule;
				SYMROOT = /Users/davidbarbera/Repositories/self_contained_c_xyz/flutter_plugin2/libs/build;
			};
			name = Release;
		};
		B27E66E1F53E4E989AD9DA42 /* MinSizeRel */ = {
			isa = XCBuildConfiguration;
			buildSettings = {
				ARCHS = arm64;
				SDKROOT = /Applications/Xcode.app/Contents/Developer/Platforms/MacOSX.platform/Developer/SDKs/MacOSX12.3.sdk;
				SWIFT_COMPILATION_MODE = wholemodule;
				SYMROOT = /Users/davidbarbera/Repositories/self_contained_c_xyz/flutter_plugin2/libs/build;
			};
			name = MinSizeRel;
		};
		BFB67745300E4428BF593481 /* Debug */ = {
			isa = XCBuildConfiguration;
			buildSettings = {
				ALWAYS_SEARCH_USER_PATHS = NO;
				ARCHS = arm64;
				COMBINE_HIDPI_IMAGES = YES;
				GCC_GENERATE_DEBUGGING_SYMBOLS = YES;
				GCC_INLINES_ARE_PRIVATE_EXTERN = NO;
				GCC_OPTIMIZATION_LEVEL = 0;
				GCC_PREPROCESSOR_DEFINITIONS = ("'CMAKE_INTDIR=\"$(CONFIGURATION)$(EFFECTIVE_PLATFORM_NAME)\"'","$(inherited)");
				GCC_SYMBOLS_PRIVATE_EXTERN = NO;
				INSTALL_PATH = "";
				ONLY_ACTIVE_ARCH = NO;
				OTHER_LDFLAGS = ("","$(inherited)");
				OTHER_REZFLAGS = "";
				PRODUCT_NAME = ALL_BUILD;
				SECTORDER_FLAGS = "";
				USE_HEADERMAP = NO;
				WARNING_CFLAGS = ("$(inherited)");
			};
			name = Debug;
		};
		DA97A7AF296C44A597204F9F /* Release */ = {
			isa = XCBuildConfiguration;
			buildSettings = {
				ALWAYS_SEARCH_USER_PATHS = NO;
				ARCHS = arm64;
				COMBINE_HIDPI_IMAGES = YES;
				GCC_GENERATE_DEBUGGING_SYMBOLS = YES;
				GCC_INLINES_ARE_PRIVATE_EXTERN = NO;
				GCC_OPTIMIZATION_LEVEL = 0;
				GCC_PREPROCESSOR_DEFINITIONS = ("'CMAKE_INTDIR=\"$(CONFIGURATION)$(EFFECTIVE_PLATFORM_NAME)\"'","$(inherited)");
				GCC_SYMBOLS_PRIVATE_EXTERN = NO;
				INSTALL_PATH = "";
				ONLY_ACTIVE_ARCH = NO;
				OTHER_LDFLAGS = ("","$(inherited)");
				OTHER_REZFLAGS = "";
				PRODUCT_NAME = ZERO_CHECK;
				SECTORDER_FLAGS = "";
				USE_HEADERMAP = NO;
				WARNING_CFLAGS = ("$(inherited)");
			};
			name = Release;
		};
		E01BA46CA4484C17B9E0FC9C /* MinSizeRel */ = {
			isa = XCBuildConfiguration;
			buildSettings = {
				ALWAYS_SEARCH_USER_PATHS = NO;
				ARCHS = arm64;
				COMBINE_HIDPI_IMAGES = YES;
				GCC_GENERATE_DEBUGGING_SYMBOLS = YES;
				GCC_INLINES_ARE_PRIVATE_EXTERN = NO;
				GCC_OPTIMIZATION_LEVEL = 0;
				GCC_PREPROCESSOR_DEFINITIONS = ("'CMAKE_INTDIR=\"$(CONFIGURATION)$(EFFECTIVE_PLATFORM_NAME)\"'","$(inherited)");
				GCC_SYMBOLS_PRIVATE_EXTERN = NO;
				INSTALL_PATH = "";
				ONLY_ACTIVE_ARCH = NO;
				OTHER_LDFLAGS = ("","$(inherited)");
				OTHER_REZFLAGS = "";
				PRODUCT_NAME = ZERO_CHECK;
				SECTORDER_FLAGS = "";
				USE_HEADERMAP = NO;
				WARNING_CFLAGS = ("$(inherited)");
			};
			name = MinSizeRel;
		};
		EE844FCC27EF4FC5A6DE5A5D /* Release */ = {
			isa = XCBuildConfiguration;
			buildSettings = {
				ALWAYS_SEARCH_USER_PATHS = NO;
				ARCHS = arm64;
				COMBINE_HIDPI_IMAGES = YES;
				CONFIGURATION_BUILD_DIR = /Users/davidbarbera/Repositories/self_contained_c_xyz/flutter_plugin2/libs/Release;
				DYLIB_COMPATIBILITY_VERSION = "";
				DYLIB_CURRENT_VERSION = "";
				EXECUTABLE_PREFIX = lib;
				EXECUTABLE_SUFFIX = .dylib;
				GCC_GENERATE_DEBUGGING_SYMBOLS = NO;
				GCC_INLINES_ARE_PRIVATE_EXTERN = NO;
				GCC_OPTIMIZATION_LEVEL = 3;
				GCC_PREPROCESSOR_DEFINITIONS = ("'CMAKE_INTDIR=\"$(CONFIGURATION)$(EFFECTIVE_PLATFORM_NAME)\"'",api_EXPORTS,"$(inherited)");
				GCC_SYMBOLS_PRIVATE_EXTERN = NO;
				INSTALL_PATH = "@rpath";
				LIBRARY_STYLE = DYNAMIC;
				ONLY_ACTIVE_ARCH = NO;
				OTHER_CPLUSPLUSFLAGS = "    -DNDEBUG -fPIC ";
				OTHER_LDFLAGS = (" -dynamiclib -Wl,-headerpad_max_install_names","$(inherited)");
				OTHER_REZFLAGS = "";
				PRODUCT_NAME = api;
				SECTORDER_FLAGS = "";
				TARGET_TEMP_DIR = "/Users/davidbarbera/Repositories/self_contained_c_xyz/flutter_plugin2/libs/build/api.build/$(CONFIGURATION)$(EFFECTIVE_PLATFORM_NAME)";
				USE_HEADERMAP = NO;
				WARNING_CFLAGS = ("$(inherited)");
			};
			name = Release;
		};
		F2E84E6865DF4A35A2D1ABAF /* Release */ = {
			isa = XCBuildConfiguration;
			buildSettings = {
				ALWAYS_SEARCH_USER_PATHS = NO;
				ARCHS = arm64;
				COMBINE_HIDPI_IMAGES = YES;
				GCC_GENERATE_DEBUGGING_SYMBOLS = YES;
				GCC_INLINES_ARE_PRIVATE_EXTERN = NO;
				GCC_OPTIMIZATION_LEVEL = 0;
				GCC_PREPROCESSOR_DEFINITIONS = ("'CMAKE_INTDIR=\"$(CONFIGURATION)$(EFFECTIVE_PLATFORM_NAME)\"'","$(inherited)");
				GCC_SYMBOLS_PRIVATE_EXTERN = NO;
				INSTALL_PATH = "";
				ONLY_ACTIVE_ARCH = NO;
				OTHER_LDFLAGS = ("","$(inherited)");
				OTHER_REZFLAGS = "";
				PRODUCT_NAME = ALL_BUILD;
				SECTORDER_FLAGS = "";
				USE_HEADERMAP = NO;
				WARNING_CFLAGS = ("$(inherited)");
			};
			name = Release;
		};
/* End XCBuildConfiguration section */

/* Begin XCConfigurationList section */
		08FAE269435C43E7A2CE4214 /* Build configuration list for PBXNativeTarget "api" */ = {
			isa = XCConfigurationList;
			buildConfigurations = (
				432D040C4CC74624BBFCB418 /* Debug */,
				EE844FCC27EF4FC5A6DE5A5D /* Release */,
				801C617FA7D34CF4B6982906 /* MinSizeRel */,
				6229998133B34F64BD462D9C /* RelWithDebInfo */,
			);
			defaultConfigurationIsVisible = 0;
			defaultConfigurationName = Debug;
		};
		10CE1D6262DF42A580468453 /* Build configuration list for PBXProject "api" */ = {
			isa = XCConfigurationList;
			buildConfigurations = (
				8727CD307A9740A8BEF8962D /* Debug */,
				AEE127B9FF0B4B13818D5374 /* Release */,
				B27E66E1F53E4E989AD9DA42 /* MinSizeRel */,
				25B40CF12155433E9E22C5EE /* RelWithDebInfo */,
			);
			defaultConfigurationIsVisible = 0;
			defaultConfigurationName = Debug;
		};
		5669174DA3224E1390C8340A /* Build configuration list for PBXAggregateTarget "ZERO_CHECK" */ = {
			isa = XCConfigurationList;
			buildConfigurations = (
				6CADE35863DE4DE4A877902C /* Debug */,
				DA97A7AF296C44A597204F9F /* Release */,
				E01BA46CA4484C17B9E0FC9C /* MinSizeRel */,
				44B39EE98D414CA18F33C270 /* RelWithDebInfo */,
			);
			defaultConfigurationIsVisible = 0;
			defaultConfigurationName = Debug;
		};
		8813209D77784CB396FA98EF /* Build configuration list for PBXAggregateTarget "ALL_BUILD" */ = {
			isa = XCConfigurationList;
			buildConfigurations = (
				BFB67745300E4428BF593481 /* Debug */,
				F2E84E6865DF4A35A2D1ABAF /* Release */,
				2156AABF90A4499C90F11B16 /* MinSizeRel */,
				85534EF156594E8DBD1C92AA /* RelWithDebInfo */,
			);
			defaultConfigurationIsVisible = 0;
			defaultConfigurationName = Debug;
		};
/* End XCConfigurationList section */
	};
	rootObject = D8C47FD37D6948F09662CC0D /* Project object */;
}
