github.com/cheekybits/is v0.0.0-20150225183255-68e9c0620927 h1:SKI1/fuSdodxmNNyVBR8d7X/HuLnRpvvFO0AgyQk764=
github.com/cheekybits/is v0.0.0-20150225183255-68e9c0620927/go.mod h1:h/aW8ynjgkuj+NQRlZcDbAbM1ORAbXjXX77sX7T289U=
github.com/colinarticulate/dictionary v0.0.0-20210623083452-03c3a6c454d4 h1:ZHNkifMuJB1jV6DTJgnYvnaHKiEefRZR/k7/g2G1Qrc=
github.com/colinarticulate/dictionary v0.0.0-20210623083452-03c3a6c454d4/go.mod h1:T1LEezwI6TfQctYb00ytiGuU1PCKY6Bcumcbdv0Pykg=
github.com/cryptix/wav v0.0.0-20180415113528-8bdace674401 h1:rZ+OHHkwlkYALTEd6AYXSL92K/SEc4fkz+TfweIwu6A=
github.com/cryptix/wav v0.0.0-20180415113528-8bdace674401/go.mod h1:knK8fd+KPlGGqSUWogv1DQzGTwnfUvAi0cIoWyOG7+U=
github.com/davidbarbera/xyz_plus/v2 v2.0.0 h1:Uz0TwGXPCWuPnZwt4B2sVFNyXPPPyyaIlpZ/2p3VoMU=
github.com/davidbarbera/xyz_plus/v2 v2.0.0/go.mod h1:IAJn5GWPeJHmy8eRNiLypHYjJ7/gMUwZ2XuX7eqvnLA=
github.com/google/uuid v1.3.0 h1:t6JiXgmwXMjEs8VusXIJk2BXHsn+wx8BZdTaoZ5fu7I=
github.com/google/uuid v1.3.0/go.mod h1:TIyPZe4MgqvfeYDBFedMoGGpEw/LqOeaOT+nhxU+yHo=
github.com/maxhawkins/go-webrtcvad v0.0.0-20210121163624-be60036f3083 h1:0JDcvP4R28p6+u8VIHCwYx7UwiHZ074INz3C397oc9s=
github.com/maxhawkins/go-webrtcvad v0.0.0-20210121163624-be60036f3083/go.mod h1:YdrZ05xnooeP54y7m+/UvI23O1Td46PjWkLJu1VLObM=
